
Microsoft Visual Studio Solution File, Format Version 12.00
# Visual Studio Version 16
VisualStudioVersion = 16.0.30717.126
MinimumVisualStudioVersion = 10.0.40219.1
Project("{FAE04EC0-301F-11D3-BF4B-00C04F79EFBC}") = "FlappyForm", "FlappyForm.csproj", "{7BA83FDC-B9A7-45D4-80D2-7FEB57FE136C}"
EndProject
Global
	GlobalSection(SolutionConfigurationPlatforms) = preSolution
		Debug|Any CPU = Debug|Any CPU
		Release|Any CPU = Release|Any CPU
	EndGlobalSection
	GlobalSection(ProjectConfigurationPlatforms) = postSolution
		{7BA83FDC-B9A7-45D4-80D2-7FEB57FE136C}.Debug|Any CPU.ActiveCfg = Debug|Any CPU
		{7BA83FDC-B9A7-45D4-80D2-7FEB57FE136C}.Debug|Any CPU.Build.0 = Debug|Any CPU
		{7BA83FDC-B9A7-45D4-80D2-7FEB57FE136C}.Release|Any CPU.ActiveCfg = Release|Any CPU
		{7BA83FDC-B9A7-45D4-80D2-7FEB57FE136C}.Release|Any CPU.Build.0 = Release|Any CPU
	EndGlobalSection
	GlobalSection(SolutionProperties) = preSolution
		HideSolutionNode = FALSE
	EndGlobalSection
	GlobalSection(ExtensibilityGlobals) = postSolution
		SolutionGuid = {290FD7C9-BDC6-4869-AF3E-F6327210D0FE}
	EndGlobalSection
EndGlobal
